
Microsoft Visual Studio Solution File, Format Version 12.00
# Visual Studio Version 17
VisualStudioVersion = 17.8.34525.116
MinimumVisualStudioVersion = 10.0.40219.1
Project("{9A19103F-16F7-4668-BE54-9A1E7A4F7556}") = "FlyToday", "FlyToday\FlyToday.csproj", "{75DE480D-311D-41E5-938A-418BBEB28D64}"
EndProject
Project("{9A19103F-16F7-4668-BE54-9A1E7A4F7556}") = "FlyTodayDatabaseImplements", "FlyTodayDatabaseImplements\FlyTodayDatabaseImplements.csproj", "{F580E6D2-EC09-4FCE-82F4-925F1B36BDF5}"
EndProject
Project("{FAE04EC0-301F-11D3-BF4B-00C04F79EFBC}") = "FlyTodayContracts", "FlyTodayContracts\FlyTodayContracts.csproj", "{FEACB9B6-4E8C-4437-B5AF-2A72CE6D518D}"
EndProject
Project("{FAE04EC0-301F-11D3-BF4B-00C04F79EFBC}") = "FlyTodayDataModels", "FlyTodayDataModels\FlyTodayDataModels.csproj", "{FE4333C4-5828-4305-B5B2-BA26C725CDF5}"
EndProject
Project("{FAE04EC0-301F-11D3-BF4B-00C04F79EFBC}") = "FlyTodayViews", "FlyTodayViews\FlyTodayViews.csproj", "{20250AC7-3770-4548-82E1-6BB76CE15E6A}"
EndProject
Project("{FAE04EC0-301F-11D3-BF4B-00C04F79EFBC}") = "FlyTodayBusinessLogics", "FlyTodayBusinessLogics\FlyTodayBusinessLogics.csproj", "{49C7E6A1-1D11-49AF-9CB5-5257D4C9EE92}"
EndProject
Global
	GlobalSection(SolutionConfigurationPlatforms) = preSolution
		Debug|Any CPU = Debug|Any CPU
		Release|Any CPU = Release|Any CPU
	EndGlobalSection
	GlobalSection(ProjectConfigurationPlatforms) = postSolution
		{75DE480D-311D-41E5-938A-418BBEB28D64}.Debug|Any CPU.ActiveCfg = Debug|Any CPU
		{75DE480D-311D-41E5-938A-418BBEB28D64}.Debug|Any CPU.Build.0 = Debug|Any CPU
		{75DE480D-311D-41E5-938A-418BBEB28D64}.Release|Any CPU.ActiveCfg = Release|Any CPU
		{75DE480D-311D-41E5-938A-418BBEB28D64}.Release|Any CPU.Build.0 = Release|Any CPU
		{F580E6D2-EC09-4FCE-82F4-925F1B36BDF5}.Debug|Any CPU.ActiveCfg = Debug|Any CPU
		{F580E6D2-EC09-4FCE-82F4-925F1B36BDF5}.Debug|Any CPU.Build.0 = Debug|Any CPU
		{F580E6D2-EC09-4FCE-82F4-925F1B36BDF5}.Release|Any CPU.ActiveCfg = Release|Any CPU
		{F580E6D2-EC09-4FCE-82F4-925F1B36BDF5}.Release|Any CPU.Build.0 = Release|Any CPU
		{FEACB9B6-4E8C-4437-B5AF-2A72CE6D518D}.Debug|Any CPU.ActiveCfg = Debug|Any CPU
		{FEACB9B6-4E8C-4437-B5AF-2A72CE6D518D}.Debug|Any CPU.Build.0 = Debug|Any CPU
		{FEACB9B6-4E8C-4437-B5AF-2A72CE6D518D}.Release|Any CPU.ActiveCfg = Release|Any CPU
		{FEACB9B6-4E8C-4437-B5AF-2A72CE6D518D}.Release|Any CPU.Build.0 = Release|Any CPU
		{FE4333C4-5828-4305-B5B2-BA26C725CDF5}.Debug|Any CPU.ActiveCfg = Debug|Any CPU
		{FE4333C4-5828-4305-B5B2-BA26C725CDF5}.Debug|Any CPU.Build.0 = Debug|Any CPU
		{FE4333C4-5828-4305-B5B2-BA26C725CDF5}.Release|Any CPU.ActiveCfg = Release|Any CPU
		{FE4333C4-5828-4305-B5B2-BA26C725CDF5}.Release|Any CPU.Build.0 = Release|Any CPU
		{20250AC7-3770-4548-82E1-6BB76CE15E6A}.Debug|Any CPU.ActiveCfg = Debug|Any CPU
		{20250AC7-3770-4548-82E1-6BB76CE15E6A}.Debug|Any CPU.Build.0 = Debug|Any CPU
		{20250AC7-3770-4548-82E1-6BB76CE15E6A}.Release|Any CPU.ActiveCfg = Release|Any CPU
		{20250AC7-3770-4548-82E1-6BB76CE15E6A}.Release|Any CPU.Build.0 = Release|Any CPU
		{49C7E6A1-1D11-49AF-9CB5-5257D4C9EE92}.Debug|Any CPU.ActiveCfg = Debug|Any CPU
		{49C7E6A1-1D11-49AF-9CB5-5257D4C9EE92}.Debug|Any CPU.Build.0 = Debug|Any CPU
		{49C7E6A1-1D11-49AF-9CB5-5257D4C9EE92}.Release|Any CPU.ActiveCfg = Release|Any CPU
		{49C7E6A1-1D11-49AF-9CB5-5257D4C9EE92}.Release|Any CPU.Build.0 = Release|Any CPU
	EndGlobalSection
	GlobalSection(SolutionProperties) = preSolution
		HideSolutionNode = FALSE
	EndGlobalSection
	GlobalSection(ExtensibilityGlobals) = postSolution
		SolutionGuid = {5AD71F7C-A0D2-4833-85DC-F4897AABD7AE}
	EndGlobalSection
EndGlobal
